
Microsoft Visual Studio Solution File, Format Version 12.00
# Visual Studio Version 17
VisualStudioVersion = 17.9.34701.34
MinimumVisualStudioVersion = 10.0.40219.1
Project("{FAE04EC0-301F-11D3-BF4B-00C04F79EFBC}") = "BlazorApp.NET8", "BlazorApp.NET8\BlazorApp.NET8\BlazorApp.NET8.csproj", "{42790D15-C916-460A-ADEE-966ECF7F77CB}"
EndProject
Project("{FAE04EC0-301F-11D3-BF4B-00C04F79EFBC}") = "BlazorApp.NET8.Client", "BlazorApp.NET8\BlazorApp.NET8.Client\BlazorApp.NET8.Client.csproj", "{AF3448B6-8598-489C-8CDD-EA7F49735468}"
EndProject
Global
	GlobalSection(SolutionConfigurationPlatforms) = preSolution
		Debug|Any CPU = Debug|Any CPU
		Release|Any CPU = Release|Any CPU
	EndGlobalSection
	GlobalSection(ProjectConfigurationPlatforms) = postSolution
		{42790D15-C916-460A-ADEE-966ECF7F77CB}.Debug|Any CPU.ActiveCfg = Debug|Any CPU
		{42790D15-C916-460A-ADEE-966ECF7F77CB}.Debug|Any CPU.Build.0 = Debug|Any CPU
		{42790D15-C916-460A-ADEE-966ECF7F77CB}.Release|Any CPU.ActiveCfg = Release|Any CPU
		{42790D15-C916-460A-ADEE-966ECF7F77CB}.Release|Any CPU.Build.0 = Release|Any CPU
		{AF3448B6-8598-489C-8CDD-EA7F49735468}.Debug|Any CPU.ActiveCfg = Debug|Any CPU
		{AF3448B6-8598-489C-8CDD-EA7F49735468}.Debug|Any CPU.Build.0 = Debug|Any CPU
		{AF3448B6-8598-489C-8CDD-EA7F49735468}.Release|Any CPU.ActiveCfg = Release|Any CPU
		{AF3448B6-8598-489C-8CDD-EA7F49735468}.Release|Any CPU.Build.0 = Release|Any CPU
	EndGlobalSection
	GlobalSection(SolutionProperties) = preSolution
		HideSolutionNode = FALSE
	EndGlobalSection
	GlobalSection(ExtensibilityGlobals) = postSolution
		SolutionGuid = {4EFE3096-EBA9-4B84-985E-B6B8D0763253}
	EndGlobalSection
EndGlobal
